
Microsoft Visual Studio Solution File, Format Version 12.00
# Visual Studio Version 17
VisualStudioVersion = 17.11.35327.3
MinimumVisualStudioVersion = 10.0.40219.1
Project("{2150E333-8FDC-42A3-9474-1A3956D46DE8}") = "tests", "tests", "{23361013-AF0B-4E7B-AD46-22970A9F3A84}"
EndProject
Project("{9A19103F-16F7-4668-BE54-9A1E7A4F7556}") = "CreationPatternTests", "tests\CreationPatternTests\CreationPatternTests.csproj", "{605DD0C9-212E-4CC0-A882-41AB8C3DD86A}"
EndProject
Project("{FAE04EC0-301F-11D3-BF4B-00C04F79EFBC}") = "CreationPattern", "CreationPattern\CreationPattern.csproj", "{15821BEB-A33E-4359-8D87-379F388A0B68}"
EndProject
Global
	GlobalSection(SolutionConfigurationPlatforms) = preSolution
		Debug|Any CPU = Debug|Any CPU
		Release|Any CPU = Release|Any CPU
	EndGlobalSection
	GlobalSection(ProjectConfigurationPlatforms) = postSolution
		{605DD0C9-212E-4CC0-A882-41AB8C3DD86A}.Debug|Any CPU.ActiveCfg = Debug|Any CPU
		{605DD0C9-212E-4CC0-A882-41AB8C3DD86A}.Debug|Any CPU.Build.0 = Debug|Any CPU
		{605DD0C9-212E-4CC0-A882-41AB8C3DD86A}.Release|Any CPU.ActiveCfg = Release|Any CPU
		{605DD0C9-212E-4CC0-A882-41AB8C3DD86A}.Release|Any CPU.Build.0 = Release|Any CPU
		{15821BEB-A33E-4359-8D87-379F388A0B68}.Debug|Any CPU.ActiveCfg = Debug|Any CPU
		{15821BEB-A33E-4359-8D87-379F388A0B68}.Debug|Any CPU.Build.0 = Debug|Any CPU
		{15821BEB-A33E-4359-8D87-379F388A0B68}.Release|Any CPU.ActiveCfg = Release|Any CPU
		{15821BEB-A33E-4359-8D87-379F388A0B68}.Release|Any CPU.Build.0 = Release|Any CPU
	EndGlobalSection
	GlobalSection(SolutionProperties) = preSolution
		HideSolutionNode = FALSE
	EndGlobalSection
	GlobalSection(NestedProjects) = preSolution
		{605DD0C9-212E-4CC0-A882-41AB8C3DD86A} = {23361013-AF0B-4E7B-AD46-22970A9F3A84}
	EndGlobalSection
	GlobalSection(ExtensibilityGlobals) = postSolution
		SolutionGuid = {1D5AEE72-A118-4D0B-9981-A774BD38826B}
	EndGlobalSection
EndGlobal
